
Microsoft Visual Studio Solution File, Format Version 12.00
# Visual Studio Version 17
VisualStudioVersion = 17.4.33110.190
MinimumVisualStudioVersion = 10.0.40219.1
Project("{FAE04EC0-301F-11D3-BF4B-00C04F79EFBC}") = "TemplateWpfMVVM", "TemplateWpfMVVM\TemplateWpfMVVM.csproj", "{B83DB00A-08E9-4D23-A5C0-EFFC7C201E63}"
EndProject
Global
	GlobalSection(SolutionConfigurationPlatforms) = preSolution
		Debug|Any CPU = Debug|Any CPU
		Release|Any CPU = Release|Any CPU
	EndGlobalSection
	GlobalSection(ProjectConfigurationPlatforms) = postSolution
		{B83DB00A-08E9-4D23-A5C0-EFFC7C201E63}.Debug|Any CPU.ActiveCfg = Debug|Any CPU
		{B83DB00A-08E9-4D23-A5C0-EFFC7C201E63}.Debug|Any CPU.Build.0 = Debug|Any CPU
		{B83DB00A-08E9-4D23-A5C0-EFFC7C201E63}.Release|Any CPU.ActiveCfg = Release|Any CPU
		{B83DB00A-08E9-4D23-A5C0-EFFC7C201E63}.Release|Any CPU.Build.0 = Release|Any CPU
	EndGlobalSection
	GlobalSection(SolutionProperties) = preSolution
		HideSolutionNode = FALSE
	EndGlobalSection
	GlobalSection(ExtensibilityGlobals) = postSolution
		SolutionGuid = {1D095249-AC1C-4E54-8284-4F34E1BDC9AA}
	EndGlobalSection
EndGlobal
